
Microsoft Visual Studio Solution File, Format Version 12.00
# Visual Studio Version 17
VisualStudioVersion = 17.8.34322.80
MinimumVisualStudioVersion = 10.0.40219.1
Project("{FAE04EC0-301F-11D3-BF4B-00C04F79EFBC}") = "ClientSide", "ClientSide\ClientSide.csproj", "{DC0F4851-5F53-4639-AA15-9D8BB63CBCAC}"
EndProject
Project("{FAE04EC0-301F-11D3-BF4B-00C04F79EFBC}") = "DataLayer", "DataLayer\DataLayer.csproj", "{085B6A95-C9C8-4BEB-B6FD-E1CB678F1F37}"
EndProject
Project("{FAE04EC0-301F-11D3-BF4B-00C04F79EFBC}") = "ServiceLayer", "ServiceLayer\ServiceLayer.csproj", "{42AAAB80-8AD6-4FEF-83DE-C68ABEC8D83D}"
EndProject
Global
	GlobalSection(SolutionConfigurationPlatforms) = preSolution
		Debug|Any CPU = Debug|Any CPU
		Release|Any CPU = Release|Any CPU
	EndGlobalSection
	GlobalSection(ProjectConfigurationPlatforms) = postSolution
		{DC0F4851-5F53-4639-AA15-9D8BB63CBCAC}.Debug|Any CPU.ActiveCfg = Debug|Any CPU
		{DC0F4851-5F53-4639-AA15-9D8BB63CBCAC}.Debug|Any CPU.Build.0 = Debug|Any CPU
		{DC0F4851-5F53-4639-AA15-9D8BB63CBCAC}.Release|Any CPU.ActiveCfg = Release|Any CPU
		{DC0F4851-5F53-4639-AA15-9D8BB63CBCAC}.Release|Any CPU.Build.0 = Release|Any CPU
		{085B6A95-C9C8-4BEB-B6FD-E1CB678F1F37}.Debug|Any CPU.ActiveCfg = Debug|Any CPU
		{085B6A95-C9C8-4BEB-B6FD-E1CB678F1F37}.Debug|Any CPU.Build.0 = Debug|Any CPU
		{085B6A95-C9C8-4BEB-B6FD-E1CB678F1F37}.Release|Any CPU.ActiveCfg = Release|Any CPU
		{085B6A95-C9C8-4BEB-B6FD-E1CB678F1F37}.Release|Any CPU.Build.0 = Release|Any CPU
		{42AAAB80-8AD6-4FEF-83DE-C68ABEC8D83D}.Debug|Any CPU.ActiveCfg = Debug|Any CPU
		{42AAAB80-8AD6-4FEF-83DE-C68ABEC8D83D}.Debug|Any CPU.Build.0 = Debug|Any CPU
		{42AAAB80-8AD6-4FEF-83DE-C68ABEC8D83D}.Release|Any CPU.ActiveCfg = Release|Any CPU
		{42AAAB80-8AD6-4FEF-83DE-C68ABEC8D83D}.Release|Any CPU.Build.0 = Release|Any CPU
	EndGlobalSection
	GlobalSection(SolutionProperties) = preSolution
		HideSolutionNode = FALSE
	EndGlobalSection
	GlobalSection(ExtensibilityGlobals) = postSolution
		SolutionGuid = {EB313CB8-FC45-4F3D-B2F9-27E009475DC2}
	EndGlobalSection
EndGlobal
